<Solution>
  <Folder Name="/exercises/" />
  <Folder Name="/exercises/chapter-01/" />
  <Folder Name="/exercises/chapter-01/exercise-101/">
    <Project Path="exercises/chapter-01/exercise-101/AzureContainerApps.Exercise101/AzureContainerApps.Exercise101.csproj" />
  </Folder>
  <Folder Name="/exercises/chapter-01/exercise-102/">
    <Project Path="exercises/chapter-01/exercise-102/AzureContainerApps.Exercise102/AzureContainerApps.Exercise102.csproj" />
  </Folder>
  <Folder Name="/exercises/chapter-02/" />
  <Folder Name="/exercises/chapter-02/exercise-201/">
    <Project Path="exercises/chapter-02/exercise-201/AzureContainerApps.Exercise201.Api/AzureContainerApps.Exercise201.Api.csproj" />
    <Project Path="exercises/chapter-02/exercise-201/AzureContainerApps.Exercise201.Web/AzureContainerApps.Exercise201.Web.csproj" />
  </Folder>
  <Folder Name="/exercises/chapter-02/exercise-202/">
    <Project Path="exercises/chapter-02/exercise-202/AzureContainerApps.Exercise202/AzureContainerApps.Exercise202.csproj" />
  </Folder>
  <Folder Name="/exercises/chapter-02/exercise-203/">
    <Project Path="exercises/chapter-02/exercise-203/AzureContainerApps.Exercise203.Api/AzureContainerApps.Exercise203.Api.csproj" />
    <Project Path="exercises/chapter-02/exercise-203/AzureContainerApps.Exercise203.Worker/AzureContainerApps.Exercise203.Worker.csproj" />
  </Folder>
  <Folder Name="/exercises/chapter-03/" />
  <Folder Name="/exercises/chapter-03/exercise-301/">
    <Project Path="exercises/chapter-03/exercise-301/AzureContainerApps.Exercise301.Orleans.Host/AzureContainerApps.Exercise301.Orleans.Host.csproj" />
    <Project Path="exercises/chapter-03/exercise-301/AzureContainerApps.Exercise301.Api/AzureContainerApps.Exercise301.Api.csproj" />
    <Project Path="exercises/chapter-03/exercise-301/AzureContainerApps.Exercise301.Worker/AzureContainerApps.Exercise301.Worker.csproj" />
    <Project Path="exercises/chapter-03/exercise-301/AzureContainerApps.Exercise301.AppHost/AzureContainerApps.Exercise301.AppHost.csproj" />
    <Project Path="exercises/chapter-03/exercise-301/AzureContainerApps.Exercise301.ServiceDefaults/AzureContainerApps.Exercise301.ServiceDefaults.csproj" />
  </Folder>
  <Folder Name="/exercises/chapter-03/exercise-302/">
    <Project Path="exercises/chapter-03/exercise-302/AzureContainerApps.Exercise302.Orleans.Host/AzureContainerApps.Exercise302.Orleans.Host.csproj" />
    <Project Path="exercises/chapter-03/exercise-302/AzureContainerApps.Exercise302.Api/AzureContainerApps.Exercise302.Api.csproj" />
    <Project Path="exercises/chapter-03/exercise-302/AzureContainerApps.Exercise302.Worker/AzureContainerApps.Exercise302.Worker.csproj" />
    <Project Path="exercises/chapter-03/exercise-302/AzureContainerApps.Exercise302.AppHost/AzureContainerApps.Exercise302.AppHost.csproj" />
    <Project Path="exercises/chapter-03/exercise-302/AzureContainerApps.Exercise302.ServiceDefaults/AzureContainerApps.Exercise302.ServiceDefaults.csproj" />
  </Folder>
  <Folder Name="/lab-project/" />
  <Folder Name="/lab-project/lab-01/">
    <Project Path="lab-project/lab-01/src/UltimateSnake.AppHost/UltimateSnake.AppHost.csproj" />
    <Project Path="lab-project/lab-01/src/UltimateSnake.Frontend.Client/UltimateSnake.Frontend.Client.csproj" />
    <Project Path="lab-project/lab-01/src/UltimateSnake.Frontend/UltimateSnake.Frontend.csproj" />
  </Folder>
  <Folder Name="/lab-project/lab-02/">
    <Project Path="lab-project/lab-02/src/UltimateSnake.AppHost/UltimateSnake.AppHost.csproj" />
    <Project Path="lab-project/lab-02/src/UltimateSnake.Backend.Api/UltimateSnake.Backend.Api.csproj" />
    <Project Path="lab-project/lab-02/src/UltimateSnake.Frontend.Client/UltimateSnake.Frontend.Client.csproj" />
    <Project Path="lab-project/lab-02/src/UltimateSnake.Frontend/UltimateSnake.Frontend.csproj" />
  </Folder>
  <Folder Name="/lab-project/lab-03/">
    <Project Path="lab-project/lab-03/src/UltimateSnake.AppHost/UltimateSnake.AppHost.csproj" />
    <Project Path="lab-project/lab-03/src/UltimateSnake.ServiceDefaults/UltimateSnake.ServiceDefaults.csproj" />
    <Project Path="lab-project/lab-03/src/UltimateSnake.Orleans.Host/UltimateSnake.Orleans.Host.csproj" />
    <Project Path="lab-project/lab-03/src/UltimateSnake.Backend.Api/UltimateSnake.Backend.Api.csproj" />
    <Project Path="lab-project/lab-03/src/UltimateSnake.Frontend.Client/UltimateSnake.Frontend.Client.csproj" />
    <Project Path="lab-project/lab-03/src/UltimateSnake.Frontend/UltimateSnake.Frontend.csproj" />
  </Folder>
</Solution>
