Microsoft Visual Studio Solution File, Format Version 12.00
# Visual Studio Version 17
VisualStudioVersion = 17.5.2.0
MinimumVisualStudioVersion = 10.0.40219.1
Project("{2150E333-8FDC-42A3-9474-1A3956D46DE8}") = "exercises", "exercises", "{72EF5EB1-B308-CD20-4E1B-89C2486FD9E1}"
EndProject
Project("{2150E333-8FDC-42A3-9474-1A3956D46DE8}") = "chapter-01", "chapter-01", "{29C01EDA-26BC-921E-2D8D-C6052E5C9F04}"
EndProject
Project("{2150E333-8FDC-42A3-9474-1A3956D46DE8}") = "exercise-01", "exercise-01", "{BD0FF858-7398-779E-DCF6-87750AD2EA5B}"
EndProject
Project("{FAE04EC0-301F-11D3-BF4B-00C04F79EFBC}") = "AzureContainerApps.Exercise01", "exercises\chapter-01\exercise-01\AzureContainerApps.Exercise01\AzureContainerApps.Exercise01.csproj", "{BE8D9A0E-4B3B-9413-2C2C-77B97266476C}"
EndProject
Project("{2150E333-8FDC-42A3-9474-1A3956D46DE8}") = "exercise-02", "exercise-02", "{E2200310-D884-9A55-3BE2-DFE4EFA26804}"
EndProject
Project("{FAE04EC0-301F-11D3-BF4B-00C04F79EFBC}") = "AzureContainerApps.Exercise02", "exercises\chapter-01\exercise-02\AzureContainerApps.Exercise02\AzureContainerApps.Exercise02.csproj", "{41BEE4E7-A293-9D69-ECE0-3F15FC6E5863}"
EndProject
Global
	GlobalSection(SolutionConfigurationPlatforms) = preSolution
		Debug|Any CPU = Debug|Any CPU
		Release|Any CPU = Release|Any CPU
	EndGlobalSection
	GlobalSection(ProjectConfigurationPlatforms) = postSolution
		{BE8D9A0E-4B3B-9413-2C2C-77B97266476C}.Debug|Any CPU.ActiveCfg = Debug|Any CPU
		{BE8D9A0E-4B3B-9413-2C2C-77B97266476C}.Debug|Any CPU.Build.0 = Debug|Any CPU
		{BE8D9A0E-4B3B-9413-2C2C-77B97266476C}.Release|Any CPU.ActiveCfg = Release|Any CPU
		{BE8D9A0E-4B3B-9413-2C2C-77B97266476C}.Release|Any CPU.Build.0 = Release|Any CPU
		{41BEE4E7-A293-9D69-ECE0-3F15FC6E5863}.Debug|Any CPU.ActiveCfg = Debug|Any CPU
		{41BEE4E7-A293-9D69-ECE0-3F15FC6E5863}.Debug|Any CPU.Build.0 = Debug|Any CPU
		{41BEE4E7-A293-9D69-ECE0-3F15FC6E5863}.Release|Any CPU.ActiveCfg = Release|Any CPU
		{41BEE4E7-A293-9D69-ECE0-3F15FC6E5863}.Release|Any CPU.Build.0 = Release|Any CPU
	EndGlobalSection
	GlobalSection(SolutionProperties) = preSolution
		HideSolutionNode = FALSE
	EndGlobalSection
	GlobalSection(NestedProjects) = preSolution
		{29C01EDA-26BC-921E-2D8D-C6052E5C9F04} = {72EF5EB1-B308-CD20-4E1B-89C2486FD9E1}
		{BD0FF858-7398-779E-DCF6-87750AD2EA5B} = {29C01EDA-26BC-921E-2D8D-C6052E5C9F04}
		{BE8D9A0E-4B3B-9413-2C2C-77B97266476C} = {BD0FF858-7398-779E-DCF6-87750AD2EA5B}
		{E2200310-D884-9A55-3BE2-DFE4EFA26804} = {29C01EDA-26BC-921E-2D8D-C6052E5C9F04}
		{41BEE4E7-A293-9D69-ECE0-3F15FC6E5863} = {E2200310-D884-9A55-3BE2-DFE4EFA26804}
	EndGlobalSection
	GlobalSection(ExtensibilityGlobals) = postSolution
		SolutionGuid = {756C1986-78FB-4963-AB89-B1EC70136093}
	EndGlobalSection
EndGlobal
