<Solution>
  <Project Path="UltimateSnake.AppHost/UltimateSnake.AppHost.csproj" />
  <Project Path="UltimateSnake.Backend.Api/UltimateSnake.Backend.Api.csproj" />
  <Project Path="UltimateSnake.Frontend.Client/UltimateSnake.Frontend.Client.csproj" />
  <Project Path="UltimateSnake.Frontend/UltimateSnake.Frontend.csproj" />
</Solution>
